
Microsoft Visual Studio Solution File, Format Version 12.00
# Visual Studio 15
VisualStudioVersion = 15.0.27703.2047
MinimumVisualStudioVersion = 10.0.40219.1
Project("{9A19103F-16F7-4668-BE54-9A1E7A4F7556}") = "OcelotGetWay", "OcelotGetWay\OcelotGetWay.csproj", "{CD9A58F5-744D-46E8-82C4-35C7EDA035A2}"
EndProject
Project("{9A19103F-16F7-4668-BE54-9A1E7A4F7556}") = "WebApiA", "WebApiA\WebApiA.csproj", "{306031AA-0B81-492E-8E57-A51CEC526510}"
EndProject
Project("{9A19103F-16F7-4668-BE54-9A1E7A4F7556}") = "WebApiB", "WebApiB\WebApiB.csproj", "{2841779A-8C5B-4E91-96AA-696082146CB1}"
EndProject
Global
	GlobalSection(SolutionConfigurationPlatforms) = preSolution
		Debug|Any CPU = Debug|Any CPU
		Release|Any CPU = Release|Any CPU
	EndGlobalSection
	GlobalSection(ProjectConfigurationPlatforms) = postSolution
		{CD9A58F5-744D-46E8-82C4-35C7EDA035A2}.Debug|Any CPU.ActiveCfg = Debug|Any CPU
		{CD9A58F5-744D-46E8-82C4-35C7EDA035A2}.Debug|Any CPU.Build.0 = Debug|Any CPU
		{CD9A58F5-744D-46E8-82C4-35C7EDA035A2}.Release|Any CPU.ActiveCfg = Release|Any CPU
		{CD9A58F5-744D-46E8-82C4-35C7EDA035A2}.Release|Any CPU.Build.0 = Release|Any CPU
		{306031AA-0B81-492E-8E57-A51CEC526510}.Debug|Any CPU.ActiveCfg = Debug|Any CPU
		{306031AA-0B81-492E-8E57-A51CEC526510}.Debug|Any CPU.Build.0 = Debug|Any CPU
		{306031AA-0B81-492E-8E57-A51CEC526510}.Release|Any CPU.ActiveCfg = Release|Any CPU
		{306031AA-0B81-492E-8E57-A51CEC526510}.Release|Any CPU.Build.0 = Release|Any CPU
		{2841779A-8C5B-4E91-96AA-696082146CB1}.Debug|Any CPU.ActiveCfg = Debug|Any CPU
		{2841779A-8C5B-4E91-96AA-696082146CB1}.Debug|Any CPU.Build.0 = Debug|Any CPU
		{2841779A-8C5B-4E91-96AA-696082146CB1}.Release|Any CPU.ActiveCfg = Release|Any CPU
		{2841779A-8C5B-4E91-96AA-696082146CB1}.Release|Any CPU.Build.0 = Release|Any CPU
	EndGlobalSection
	GlobalSection(SolutionProperties) = preSolution
		HideSolutionNode = FALSE
	EndGlobalSection
	GlobalSection(ExtensibilityGlobals) = postSolution
		SolutionGuid = {EA96D7F6-637E-4E89-A85D-07E870C5C47D}
	EndGlobalSection
EndGlobal
